
Microsoft Visual Studio Solution File, Format Version 12.00
# Visual Studio Version 16
VisualStudioVersion = 16.0.32929.386
MinimumVisualStudioVersion = 10.0.40219.1
Project("{FAE04EC0-301F-11D3-BF4B-00C04F79EFBC}") = "Task1", "Task1\Task1.csproj", "{4BF2F124-910E-4618-98CD-E5D3D1B32923}"
EndProject
Global
	GlobalSection(SolutionConfigurationPlatforms) = preSolution
		Debug|Any CPU = Debug|Any CPU
		Release|Any CPU = Release|Any CPU
	EndGlobalSection
	GlobalSection(ProjectConfigurationPlatforms) = postSolution
		{4BF2F124-910E-4618-98CD-E5D3D1B32923}.Debug|Any CPU.ActiveCfg = Debug|Any CPU
		{4BF2F124-910E-4618-98CD-E5D3D1B32923}.Debug|Any CPU.Build.0 = Debug|Any CPU
		{4BF2F124-910E-4618-98CD-E5D3D1B32923}.Release|Any CPU.ActiveCfg = Release|Any CPU
		{4BF2F124-910E-4618-98CD-E5D3D1B32923}.Release|Any CPU.Build.0 = Release|Any CPU
	EndGlobalSection
	GlobalSection(SolutionProperties) = preSolution
		HideSolutionNode = FALSE
	EndGlobalSection
	GlobalSection(ExtensibilityGlobals) = postSolution
		SolutionGuid = {72AD9B2A-5A82-44A7-B239-FC62624F8014}
	EndGlobalSection
EndGlobal
